
Microsoft Visual Studio Solution File, Format Version 12.00
# Visual Studio 15
VisualStudioVersion = 15.0.27703.2035
MinimumVisualStudioVersion = 10.0.40219.1
Project("{FAE04EC0-301F-11D3-BF4B-00C04F79EFBC}") = "App07_ListaBrasil.Android", "App07_ListaBrasil\App07_ListaBrasil.Android\App07_ListaBrasil.Android.csproj", "{BFF68ADF-F140-4A67-BD0C-210937F03654}"
EndProject
Project("{FAE04EC0-301F-11D3-BF4B-00C04F79EFBC}") = "App07_ListaBrasil.iOS", "App07_ListaBrasil\App07_ListaBrasil.iOS\App07_ListaBrasil.iOS.csproj", "{C706CE5B-AFED-496C-B2CB-25120D14C53A}"
EndProject
Project("{FAE04EC0-301F-11D3-BF4B-00C04F79EFBC}") = "App07_ListaBrasil.UWP", "App07_ListaBrasil\App07_ListaBrasil.UWP\App07_ListaBrasil.UWP.csproj", "{D86449D5-7BF8-42AE-A44A-9CE650D9A292}"
EndProject
Project("{FAE04EC0-301F-11D3-BF4B-00C04F79EFBC}") = "App07_ListaBrasil", "App07_ListaBrasil\App07_ListaBrasil\App07_ListaBrasil.csproj", "{3D3F1A3A-0E24-47DF-828D-DAFDA848E087}"
EndProject
Global
	GlobalSection(SolutionConfigurationPlatforms) = preSolution
		Ad-Hoc|Any CPU = Ad-Hoc|Any CPU
		Ad-Hoc|ARM = Ad-Hoc|ARM
		Ad-Hoc|iPhone = Ad-Hoc|iPhone
		Ad-Hoc|iPhoneSimulator = Ad-Hoc|iPhoneSimulator
		Ad-Hoc|x64 = Ad-Hoc|x64
		Ad-Hoc|x86 = Ad-Hoc|x86
		AppStore|Any CPU = AppStore|Any CPU
		AppStore|ARM = AppStore|ARM
		AppStore|iPhone = AppStore|iPhone
		AppStore|iPhoneSimulator = AppStore|iPhoneSimulator
		AppStore|x64 = AppStore|x64
		AppStore|x86 = AppStore|x86
		Debug|Any CPU = Debug|Any CPU
		Debug|ARM = Debug|ARM
		Debug|iPhone = Debug|iPhone
		Debug|iPhoneSimulator = Debug|iPhoneSimulator
		Debug|x64 = Debug|x64
		Debug|x86 = Debug|x86
		Release|Any CPU = Release|Any CPU
		Release|ARM = Release|ARM
		Release|iPhone = Release|iPhone
		Release|iPhoneSimulator = Release|iPhoneSimulator
		Release|x64 = Release|x64
		Release|x86 = Release|x86
	EndGlobalSection
	GlobalSection(ProjectConfigurationPlatforms) = postSolution
		{BFF68ADF-F140-4A67-BD0C-210937F03654}.Ad-Hoc|Any CPU.ActiveCfg = Release|Any CPU
		{BFF68ADF-F140-4A67-BD0C-210937F03654}.Ad-Hoc|Any CPU.Build.0 = Release|Any CPU
		{BFF68ADF-F140-4A67-BD0C-210937F03654}.Ad-Hoc|Any CPU.Deploy.0 = Release|Any CPU
		{BFF68ADF-F140-4A67-BD0C-210937F03654}.Ad-Hoc|ARM.ActiveCfg = Release|Any CPU
		{BFF68ADF-F140-4A67-BD0C-210937F03654}.Ad-Hoc|ARM.Build.0 = Release|Any CPU
		{BFF68ADF-F140-4A67-BD0C-210937F03654}.Ad-Hoc|ARM.Deploy.0 = Release|Any CPU
		{BFF68ADF-F140-4A67-BD0C-210937F03654}.Ad-Hoc|iPhone.ActiveCfg = Release|Any CPU
		{BFF68ADF-F140-4A67-BD0C-210937F03654}.Ad-Hoc|iPhone.Build.0 = Release|Any CPU
		{BFF68ADF-F140-4A67-BD0C-210937F03654}.Ad-Hoc|iPhone.Deploy.0 = Release|Any CPU
		{BFF68ADF-F140-4A67-BD0C-210937F03654}.Ad-Hoc|iPhoneSimulator.ActiveCfg = Release|Any CPU
		{BFF68ADF-F140-4A67-BD0C-210937F03654}.Ad-Hoc|iPhoneSimulator.Build.0 = Release|Any CPU
		{BFF68ADF-F140-4A67-BD0C-210937F03654}.Ad-Hoc|iPhoneSimulator.Deploy.0 = Release|Any CPU
		{BFF68ADF-F140-4A67-BD0C-210937F03654}.Ad-Hoc|x64.ActiveCfg = Release|Any CPU
		{BFF68ADF-F140-4A67-BD0C-210937F03654}.Ad-Hoc|x64.Build.0 = Release|Any CPU
		{BFF68ADF-F140-4A67-BD0C-210937F03654}.Ad-Hoc|x64.Deploy.0 = Release|Any CPU
		{BFF68ADF-F140-4A67-BD0C-210937F03654}.Ad-Hoc|x86.ActiveCfg = Release|Any CPU
		{BFF68ADF-F140-4A67-BD0C-210937F03654}.Ad-Hoc|x86.Build.0 = Release|Any CPU
		{BFF68ADF-F140-4A67-BD0C-210937F03654}.Ad-Hoc|x86.Deploy.0 = Release|Any CPU
		{BFF68ADF-F140-4A67-BD0C-210937F03654}.AppStore|Any CPU.ActiveCfg = Release|Any CPU
		{BFF68ADF-F140-4A67-BD0C-210937F03654}.AppStore|Any CPU.Build.0 = Release|Any CPU
		{BFF68ADF-F140-4A67-BD0C-210937F03654}.AppStore|Any CPU.Deploy.0 = Release|Any CPU
		{BFF68ADF-F140-4A67-BD0C-210937F03654}.AppStore|ARM.ActiveCfg = Release|Any CPU
		{BFF68ADF-F140-4A67-BD0C-210937F03654}.AppStore|ARM.Build.0 = Release|Any CPU
		{BFF68ADF-F140-4A67-BD0C-210937F03654}.AppStore|ARM.Deploy.0 = Release|Any CPU
		{BFF68ADF-F140-4A67-BD0C-210937F03654}.AppStore|iPhone.ActiveCfg = Release|Any CPU
		{BFF68ADF-F140-4A67-BD0C-210937F03654}.AppStore|iPhone.Build.0 = Release|Any CPU
		{BFF68ADF-F140-4A67-BD0C-210937F03654}.AppStore|iPhone.Deploy.0 = Release|Any CPU
		{BFF68ADF-F140-4A67-BD0C-210937F03654}.AppStore|iPhoneSimulator.ActiveCfg = Release|Any CPU
		{BFF68ADF-F140-4A67-BD0C-210937F03654}.AppStore|iPhoneSimulator.Build.0 = Release|Any CPU
		{BFF68ADF-F140-4A67-BD0C-210937F03654}.AppStore|iPhoneSimulator.Deploy.0 = Release|Any CPU
		{BFF68ADF-F140-4A67-BD0C-210937F03654}.AppStore|x64.ActiveCfg = Release|Any CPU
		{BFF68ADF-F140-4A67-BD0C-210937F03654}.AppStore|x64.Build.0 = Release|Any CPU
		{BFF68ADF-F140-4A67-BD0C-210937F03654}.AppStore|x64.Deploy.0 = Release|Any CPU
		{BFF68ADF-F140-4A67-BD0C-210937F03654}.AppStore|x86.ActiveCfg = Release|Any CPU
		{BFF68ADF-F140-4A67-BD0C-210937F03654}.AppStore|x86.Build.0 = Release|Any CPU
		{BFF68ADF-F140-4A67-BD0C-210937F03654}.AppStore|x86.Deploy.0 = Release|Any CPU
		{BFF68ADF-F140-4A67-BD0C-210937F03654}.Debug|Any CPU.ActiveCfg = Debug|Any CPU
		{BFF68ADF-F140-4A67-BD0C-210937F03654}.Debug|Any CPU.Build.0 = Debug|Any CPU
		{BFF68ADF-F140-4A67-BD0C-210937F03654}.Debug|Any CPU.Deploy.0 = Debug|Any CPU
		{BFF68ADF-F140-4A67-BD0C-210937F03654}.Debug|ARM.ActiveCfg = Debug|Any CPU
		{BFF68ADF-F140-4A67-BD0C-210937F03654}.Debug|ARM.Build.0 = Debug|Any CPU
		{BFF68ADF-F140-4A67-BD0C-210937F03654}.Debug|ARM.Deploy.0 = Debug|Any CPU
		{BFF68ADF-F140-4A67-BD0C-210937F03654}.Debug|iPhone.ActiveCfg = Debug|Any CPU
		{BFF68ADF-F140-4A67-BD0C-210937F03654}.Debug|iPhone.Build.0 = Debug|Any CPU
		{BFF68ADF-F140-4A67-BD0C-210937F03654}.Debug|iPhone.Deploy.0 = Debug|Any CPU
		{BFF68ADF-F140-4A67-BD0C-210937F03654}.Debug|iPhoneSimulator.ActiveCfg = Debug|Any CPU
		{BFF68ADF-F140-4A67-BD0C-210937F03654}.Debug|iPhoneSimulator.Build.0 = Debug|Any CPU
		{BFF68ADF-F140-4A67-BD0C-210937F03654}.Debug|iPhoneSimulator.Deploy.0 = Debug|Any CPU
		{BFF68ADF-F140-4A67-BD0C-210937F03654}.Debug|x64.ActiveCfg = Debug|Any CPU
		{BFF68ADF-F140-4A67-BD0C-210937F03654}.Debug|x64.Build.0 = Debug|Any CPU
		{BFF68ADF-F140-4A67-BD0C-210937F03654}.Debug|x64.Deploy.0 = Debug|Any CPU
		{BFF68ADF-F140-4A67-BD0C-210937F03654}.Debug|x86.ActiveCfg = Debug|Any CPU
		{BFF68ADF-F140-4A67-BD0C-210937F03654}.Debug|x86.Build.0 = Debug|Any CPU
		{BFF68ADF-F140-4A67-BD0C-210937F03654}.Debug|x86.Deploy.0 = Debug|Any CPU
		{BFF68ADF-F140-4A67-BD0C-210937F03654}.Release|Any CPU.ActiveCfg = Release|Any CPU
		{BFF68ADF-F140-4A67-BD0C-210937F03654}.Release|Any CPU.Build.0 = Release|Any CPU
		{BFF68ADF-F140-4A67-BD0C-210937F03654}.Release|Any CPU.Deploy.0 = Release|Any CPU
		{BFF68ADF-F140-4A67-BD0C-210937F03654}.Release|ARM.ActiveCfg = Release|Any CPU
		{BFF68ADF-F140-4A67-BD0C-210937F03654}.Release|ARM.Build.0 = Release|Any CPU
		{BFF68ADF-F140-4A67-BD0C-210937F03654}.Release|ARM.Deploy.0 = Release|Any CPU
		{BFF68ADF-F140-4A67-BD0C-210937F03654}.Release|iPhone.ActiveCfg = Release|Any CPU
		{BFF68ADF-F140-4A67-BD0C-210937F03654}.Release|iPhone.Build.0 = Release|Any CPU
		{BFF68ADF-F140-4A67-BD0C-210937F03654}.Release|iPhone.Deploy.0 = Release|Any CPU
		{BFF68ADF-F140-4A67-BD0C-210937F03654}.Release|iPhoneSimulator.ActiveCfg = Release|Any CPU
		{BFF68ADF-F140-4A67-BD0C-210937F03654}.Release|iPhoneSimulator.Build.0 = Release|Any CPU
		{BFF68ADF-F140-4A67-BD0C-210937F03654}.Release|iPhoneSimulator.Deploy.0 = Release|Any CPU
		{BFF68ADF-F140-4A67-BD0C-210937F03654}.Release|x64.ActiveCfg = Release|Any CPU
		{BFF68ADF-F140-4A67-BD0C-210937F03654}.Release|x64.Build.0 = Release|Any CPU
		{BFF68ADF-F140-4A67-BD0C-210937F03654}.Release|x64.Deploy.0 = Release|Any CPU
		{BFF68ADF-F140-4A67-BD0C-210937F03654}.Release|x86.ActiveCfg = Release|Any CPU
		{BFF68ADF-F140-4A67-BD0C-210937F03654}.Release|x86.Build.0 = Release|Any CPU
		{BFF68ADF-F140-4A67-BD0C-210937F03654}.Release|x86.Deploy.0 = Release|Any CPU
		{C706CE5B-AFED-496C-B2CB-25120D14C53A}.Ad-Hoc|Any CPU.ActiveCfg = Ad-Hoc|iPhone
		{C706CE5B-AFED-496C-B2CB-25120D14C53A}.Ad-Hoc|Any CPU.Build.0 = Ad-Hoc|iPhone
		{C706CE5B-AFED-496C-B2CB-25120D14C53A}.Ad-Hoc|Any CPU.Deploy.0 = Ad-Hoc|iPhone
		{C706CE5B-AFED-496C-B2CB-25120D14C53A}.Ad-Hoc|ARM.ActiveCfg = Ad-Hoc|iPhone
		{C706CE5B-AFED-496C-B2CB-25120D14C53A}.Ad-Hoc|ARM.Build.0 = Ad-Hoc|iPhone
		{C706CE5B-AFED-496C-B2CB-25120D14C53A}.Ad-Hoc|ARM.Deploy.0 = Ad-Hoc|iPhone
		{C706CE5B-AFED-496C-B2CB-25120D14C53A}.Ad-Hoc|iPhone.ActiveCfg = Ad-Hoc|iPhone
		{C706CE5B-AFED-496C-B2CB-25120D14C53A}.Ad-Hoc|iPhone.Build.0 = Ad-Hoc|iPhone
		{C706CE5B-AFED-496C-B2CB-25120D14C53A}.Ad-Hoc|iPhone.Deploy.0 = Ad-Hoc|iPhone
		{C706CE5B-AFED-496C-B2CB-25120D14C53A}.Ad-Hoc|iPhoneSimulator.ActiveCfg = Ad-Hoc|iPhoneSimulator
		{C706CE5B-AFED-496C-B2CB-25120D14C53A}.Ad-Hoc|iPhoneSimulator.Build.0 = Ad-Hoc|iPhoneSimulator
		{C706CE5B-AFED-496C-B2CB-25120D14C53A}.Ad-Hoc|iPhoneSimulator.Deploy.0 = Ad-Hoc|iPhoneSimulator
		{C706CE5B-AFED-496C-B2CB-25120D14C53A}.Ad-Hoc|x64.ActiveCfg = Ad-Hoc|iPhone
		{C706CE5B-AFED-496C-B2CB-25120D14C53A}.Ad-Hoc|x64.Build.0 = Ad-Hoc|iPhone
		{C706CE5B-AFED-496C-B2CB-25120D14C53A}.Ad-Hoc|x64.Deploy.0 = Ad-Hoc|iPhone
		{C706CE5B-AFED-496C-B2CB-25120D14C53A}.Ad-Hoc|x86.ActiveCfg = Ad-Hoc|iPhone
		{C706CE5B-AFED-496C-B2CB-25120D14C53A}.Ad-Hoc|x86.Build.0 = Ad-Hoc|iPhone
		{C706CE5B-AFED-496C-B2CB-25120D14C53A}.Ad-Hoc|x86.Deploy.0 = Ad-Hoc|iPhone
		{C706CE5B-AFED-496C-B2CB-25120D14C53A}.AppStore|Any CPU.ActiveCfg = AppStore|iPhone
		{C706CE5B-AFED-496C-B2CB-25120D14C53A}.AppStore|Any CPU.Build.0 = AppStore|iPhone
		{C706CE5B-AFED-496C-B2CB-25120D14C53A}.AppStore|Any CPU.Deploy.0 = AppStore|iPhone
		{C706CE5B-AFED-496C-B2CB-25120D14C53A}.AppStore|ARM.ActiveCfg = AppStore|iPhone
		{C706CE5B-AFED-496C-B2CB-25120D14C53A}.AppStore|ARM.Build.0 = AppStore|iPhone
		{C706CE5B-AFED-496C-B2CB-25120D14C53A}.AppStore|ARM.Deploy.0 = AppStore|iPhone
		{C706CE5B-AFED-496C-B2CB-25120D14C53A}.AppStore|iPhone.ActiveCfg = AppStore|iPhone
		{C706CE5B-AFED-496C-B2CB-25120D14C53A}.AppStore|iPhone.Build.0 = AppStore|iPhone
		{C706CE5B-AFED-496C-B2CB-25120D14C53A}.AppStore|iPhone.Deploy.0 = AppStore|iPhone
		{C706CE5B-AFED-496C-B2CB-25120D14C53A}.AppStore|iPhoneSimulator.ActiveCfg = AppStore|iPhoneSimulator
		{C706CE5B-AFED-496C-B2CB-25120D14C53A}.AppStore|iPhoneSimulator.Build.0 = AppStore|iPhoneSimulator
		{C706CE5B-AFED-496C-B2CB-25120D14C53A}.AppStore|iPhoneSimulator.Deploy.0 = AppStore|iPhoneSimulator
		{C706CE5B-AFED-496C-B2CB-25120D14C53A}.AppStore|x64.ActiveCfg = AppStore|iPhone
		{C706CE5B-AFED-496C-B2CB-25120D14C53A}.AppStore|x64.Build.0 = AppStore|iPhone
		{C706CE5B-AFED-496C-B2CB-25120D14C53A}.AppStore|x64.Deploy.0 = AppStore|iPhone
		{C706CE5B-AFED-496C-B2CB-25120D14C53A}.AppStore|x86.ActiveCfg = AppStore|iPhone
		{C706CE5B-AFED-496C-B2CB-25120D14C53A}.AppStore|x86.Build.0 = AppStore|iPhone
		{C706CE5B-AFED-496C-B2CB-25120D14C53A}.AppStore|x86.Deploy.0 = AppStore|iPhone
		{C706CE5B-AFED-496C-B2CB-25120D14C53A}.Debug|Any CPU.ActiveCfg = Debug|iPhoneSimulator
		{C706CE5B-AFED-496C-B2CB-25120D14C53A}.Debug|Any CPU.Build.0 = Debug|iPhoneSimulator
		{C706CE5B-AFED-496C-B2CB-25120D14C53A}.Debug|Any CPU.Deploy.0 = Debug|iPhoneSimulator
		{C706CE5B-AFED-496C-B2CB-25120D14C53A}.Debug|ARM.ActiveCfg = Debug|iPhone
		{C706CE5B-AFED-496C-B2CB-25120D14C53A}.Debug|ARM.Build.0 = Debug|iPhone
		{C706CE5B-AFED-496C-B2CB-25120D14C53A}.Debug|ARM.Deploy.0 = Debug|iPhone
		{C706CE5B-AFED-496C-B2CB-25120D14C53A}.Debug|iPhone.ActiveCfg = Debug|iPhone
		{C706CE5B-AFED-496C-B2CB-25120D14C53A}.Debug|iPhone.Build.0 = Debug|iPhone
		{C706CE5B-AFED-496C-B2CB-25120D14C53A}.Debug|iPhone.Deploy.0 = Debug|iPhone
		{C706CE5B-AFED-496C-B2CB-25120D14C53A}.Debug|iPhoneSimulator.ActiveCfg = Debug|iPhoneSimulator
		{C706CE5B-AFED-496C-B2CB-25120D14C53A}.Debug|iPhoneSimulator.Build.0 = Debug|iPhoneSimulator
		{C706CE5B-AFED-496C-B2CB-25120D14C53A}.Debug|iPhoneSimulator.Deploy.0 = Debug|iPhoneSimulator
		{C706CE5B-AFED-496C-B2CB-25120D14C53A}.Debug|x64.ActiveCfg = Debug|iPhone
		{C706CE5B-AFED-496C-B2CB-25120D14C53A}.Debug|x64.Build.0 = Debug|iPhone
		{C706CE5B-AFED-496C-B2CB-25120D14C53A}.Debug|x64.Deploy.0 = Debug|iPhone
		{C706CE5B-AFED-496C-B2CB-25120D14C53A}.Debug|x86.ActiveCfg = Debug|iPhone
		{C706CE5B-AFED-496C-B2CB-25120D14C53A}.Debug|x86.Build.0 = Debug|iPhone
		{C706CE5B-AFED-496C-B2CB-25120D14C53A}.Debug|x86.Deploy.0 = Debug|iPhone
		{C706CE5B-AFED-496C-B2CB-25120D14C53A}.Release|Any CPU.ActiveCfg = Release|iPhone
		{C706CE5B-AFED-496C-B2CB-25120D14C53A}.Release|Any CPU.Build.0 = Release|iPhone
		{C706CE5B-AFED-496C-B2CB-25120D14C53A}.Release|Any CPU.Deploy.0 = Release|iPhone
		{C706CE5B-AFED-496C-B2CB-25120D14C53A}.Release|ARM.ActiveCfg = Release|iPhone
		{C706CE5B-AFED-496C-B2CB-25120D14C53A}.Release|ARM.Build.0 = Release|iPhone
		{C706CE5B-AFED-496C-B2CB-25120D14C53A}.Release|ARM.Deploy.0 = Release|iPhone
		{C706CE5B-AFED-496C-B2CB-25120D14C53A}.Release|iPhone.ActiveCfg = Release|iPhone
		{C706CE5B-AFED-496C-B2CB-25120D14C53A}.Release|iPhone.Build.0 = Release|iPhone
		{C706CE5B-AFED-496C-B2CB-25120D14C53A}.Release|iPhone.Deploy.0 = Release|iPhone
		{C706CE5B-AFED-496C-B2CB-25120D14C53A}.Release|iPhoneSimulator.ActiveCfg = Release|iPhoneSimulator
		{C706CE5B-AFED-496C-B2CB-25120D14C53A}.Release|iPhoneSimulator.Build.0 = Release|iPhoneSimulator
		{C706CE5B-AFED-496C-B2CB-25120D14C53A}.Release|iPhoneSimulator.Deploy.0 = Release|iPhoneSimulator
		{C706CE5B-AFED-496C-B2CB-25120D14C53A}.Release|x64.ActiveCfg = Release|iPhone
		{C706CE5B-AFED-496C-B2CB-25120D14C53A}.Release|x64.Build.0 = Release|iPhone
		{C706CE5B-AFED-496C-B2CB-25120D14C53A}.Release|x64.Deploy.0 = Release|iPhone
		{C706CE5B-AFED-496C-B2CB-25120D14C53A}.Release|x86.ActiveCfg = Release|iPhone
		{C706CE5B-AFED-496C-B2CB-25120D14C53A}.Release|x86.Build.0 = Release|iPhone
		{C706CE5B-AFED-496C-B2CB-25120D14C53A}.Release|x86.Deploy.0 = Release|iPhone
		{D86449D5-7BF8-42AE-A44A-9CE650D9A292}.Ad-Hoc|Any CPU.ActiveCfg = Release|x86
		{D86449D5-7BF8-42AE-A44A-9CE650D9A292}.Ad-Hoc|Any CPU.Build.0 = Release|x86
		{D86449D5-7BF8-42AE-A44A-9CE650D9A292}.Ad-Hoc|Any CPU.Deploy.0 = Release|x86
		{D86449D5-7BF8-42AE-A44A-9CE650D9A292}.Ad-Hoc|ARM.ActiveCfg = Release|ARM
		{D86449D5-7BF8-42AE-A44A-9CE650D9A292}.Ad-Hoc|ARM.Build.0 = Release|ARM
		{D86449D5-7BF8-42AE-A44A-9CE650D9A292}.Ad-Hoc|ARM.Deploy.0 = Release|ARM
		{D86449D5-7BF8-42AE-A44A-9CE650D9A292}.Ad-Hoc|iPhone.ActiveCfg = Release|x86
		{D86449D5-7BF8-42AE-A44A-9CE650D9A292}.Ad-Hoc|iPhone.Build.0 = Release|x86
		{D86449D5-7BF8-42AE-A44A-9CE650D9A292}.Ad-Hoc|iPhone.Deploy.0 = Release|x86
		{D86449D5-7BF8-42AE-A44A-9CE650D9A292}.Ad-Hoc|iPhoneSimulator.ActiveCfg = Release|x86
		{D86449D5-7BF8-42AE-A44A-9CE650D9A292}.Ad-Hoc|iPhoneSimulator.Build.0 = Release|x86
		{D86449D5-7BF8-42AE-A44A-9CE650D9A292}.Ad-Hoc|iPhoneSimulator.Deploy.0 = Release|x86
		{D86449D5-7BF8-42AE-A44A-9CE650D9A292}.Ad-Hoc|x64.ActiveCfg = Release|x64
		{D86449D5-7BF8-42AE-A44A-9CE650D9A292}.Ad-Hoc|x64.Build.0 = Release|x64
		{D86449D5-7BF8-42AE-A44A-9CE650D9A292}.Ad-Hoc|x64.Deploy.0 = Release|x64
		{D86449D5-7BF8-42AE-A44A-9CE650D9A292}.Ad-Hoc|x86.ActiveCfg = Release|x86
		{D86449D5-7BF8-42AE-A44A-9CE650D9A292}.Ad-Hoc|x86.Build.0 = Release|x86
		{D86449D5-7BF8-42AE-A44A-9CE650D9A292}.Ad-Hoc|x86.Deploy.0 = Release|x86
		{D86449D5-7BF8-42AE-A44A-9CE650D9A292}.AppStore|Any CPU.ActiveCfg = Release|x86
		{D86449D5-7BF8-42AE-A44A-9CE650D9A292}.AppStore|Any CPU.Build.0 = Release|x86
		{D86449D5-7BF8-42AE-A44A-9CE650D9A292}.AppStore|Any CPU.Deploy.0 = Release|x86
		{D86449D5-7BF8-42AE-A44A-9CE650D9A292}.AppStore|ARM.ActiveCfg = Release|ARM
		{D86449D5-7BF8-42AE-A44A-9CE650D9A292}.AppStore|ARM.Build.0 = Release|ARM
		{D86449D5-7BF8-42AE-A44A-9CE650D9A292}.AppStore|ARM.Deploy.0 = Release|ARM
		{D86449D5-7BF8-42AE-A44A-9CE650D9A292}.AppStore|iPhone.ActiveCfg = Release|x86
		{D86449D5-7BF8-42AE-A44A-9CE650D9A292}.AppStore|iPhone.Build.0 = Release|x86
		{D86449D5-7BF8-42AE-A44A-9CE650D9A292}.AppStore|iPhone.Deploy.0 = Release|x86
		{D86449D5-7BF8-42AE-A44A-9CE650D9A292}.AppStore|iPhoneSimulator.ActiveCfg = Release|x86
		{D86449D5-7BF8-42AE-A44A-9CE650D9A292}.AppStore|iPhoneSimulator.Build.0 = Release|x86
		{D86449D5-7BF8-42AE-A44A-9CE650D9A292}.AppStore|iPhoneSimulator.Deploy.0 = Release|x86
		{D86449D5-7BF8-42AE-A44A-9CE650D9A292}.AppStore|x64.ActiveCfg = Release|x64
		{D86449D5-7BF8-42AE-A44A-9CE650D9A292}.AppStore|x64.Build.0 = Release|x64
		{D86449D5-7BF8-42AE-A44A-9CE650D9A292}.AppStore|x64.Deploy.0 = Release|x64
		{D86449D5-7BF8-42AE-A44A-9CE650D9A292}.AppStore|x86.ActiveCfg = Release|x86
		{D86449D5-7BF8-42AE-A44A-9CE650D9A292}.AppStore|x86.Build.0 = Release|x86
		{D86449D5-7BF8-42AE-A44A-9CE650D9A292}.AppStore|x86.Deploy.0 = Release|x86
		{D86449D5-7BF8-42AE-A44A-9CE650D9A292}.Debug|Any CPU.ActiveCfg = Debug|x86
		{D86449D5-7BF8-42AE-A44A-9CE650D9A292}.Debug|Any CPU.Build.0 = Debug|x86
		{D86449D5-7BF8-42AE-A44A-9CE650D9A292}.Debug|Any CPU.Deploy.0 = Debug|x86
		{D86449D5-7BF8-42AE-A44A-9CE650D9A292}.Debug|ARM.ActiveCfg = Debug|ARM
		{D86449D5-7BF8-42AE-A44A-9CE650D9A292}.Debug|ARM.Build.0 = Debug|ARM
		{D86449D5-7BF8-42AE-A44A-9CE650D9A292}.Debug|ARM.Deploy.0 = Debug|ARM
		{D86449D5-7BF8-42AE-A44A-9CE650D9A292}.Debug|iPhone.ActiveCfg = Debug|x86
		{D86449D5-7BF8-42AE-A44A-9CE650D9A292}.Debug|iPhone.Build.0 = Debug|x86
		{D86449D5-7BF8-42AE-A44A-9CE650D9A292}.Debug|iPhone.Deploy.0 = Debug|x86
		{D86449D5-7BF8-42AE-A44A-9CE650D9A292}.Debug|iPhoneSimulator.ActiveCfg = Debug|x86
		{D86449D5-7BF8-42AE-A44A-9CE650D9A292}.Debug|iPhoneSimulator.Build.0 = Debug|x86
		{D86449D5-7BF8-42AE-A44A-9CE650D9A292}.Debug|iPhoneSimulator.Deploy.0 = Debug|x86
		{D86449D5-7BF8-42AE-A44A-9CE650D9A292}.Debug|x64.ActiveCfg = Debug|x64
		{D86449D5-7BF8-42AE-A44A-9CE650D9A292}.Debug|x64.Build.0 = Debug|x64
		{D86449D5-7BF8-42AE-A44A-9CE650D9A292}.Debug|x64.Deploy.0 = Debug|x64
		{D86449D5-7BF8-42AE-A44A-9CE650D9A292}.Debug|x86.ActiveCfg = Debug|x86
		{D86449D5-7BF8-42AE-A44A-9CE650D9A292}.Debug|x86.Build.0 = Debug|x86
		{D86449D5-7BF8-42AE-A44A-9CE650D9A292}.Debug|x86.Deploy.0 = Debug|x86
		{D86449D5-7BF8-42AE-A44A-9CE650D9A292}.Release|Any CPU.ActiveCfg = Release|x86
		{D86449D5-7BF8-42AE-A44A-9CE650D9A292}.Release|Any CPU.Build.0 = Release|x86
		{D86449D5-7BF8-42AE-A44A-9CE650D9A292}.Release|Any CPU.Deploy.0 = Release|x86
		{D86449D5-7BF8-42AE-A44A-9CE650D9A292}.Release|ARM.ActiveCfg = Release|ARM
		{D86449D5-7BF8-42AE-A44A-9CE650D9A292}.Release|ARM.Build.0 = Release|ARM
		{D86449D5-7BF8-42AE-A44A-9CE650D9A292}.Release|ARM.Deploy.0 = Release|ARM
		{D86449D5-7BF8-42AE-A44A-9CE650D9A292}.Release|iPhone.ActiveCfg = Release|x86
		{D86449D5-7BF8-42AE-A44A-9CE650D9A292}.Release|iPhone.Build.0 = Release|x86
		{D86449D5-7BF8-42AE-A44A-9CE650D9A292}.Release|iPhone.Deploy.0 = Release|x86
		{D86449D5-7BF8-42AE-A44A-9CE650D9A292}.Release|iPhoneSimulator.ActiveCfg = Release|x86
		{D86449D5-7BF8-42AE-A44A-9CE650D9A292}.Release|iPhoneSimulator.Build.0 = Release|x86
		{D86449D5-7BF8-42AE-A44A-9CE650D9A292}.Release|iPhoneSimulator.Deploy.0 = Release|x86
		{D86449D5-7BF8-42AE-A44A-9CE650D9A292}.Release|x64.ActiveCfg = Release|x64
		{D86449D5-7BF8-42AE-A44A-9CE650D9A292}.Release|x64.Build.0 = Release|x64
		{D86449D5-7BF8-42AE-A44A-9CE650D9A292}.Release|x64.Deploy.0 = Release|x64
		{D86449D5-7BF8-42AE-A44A-9CE650D9A292}.Release|x86.ActiveCfg = Release|x86
		{D86449D5-7BF8-42AE-A44A-9CE650D9A292}.Release|x86.Build.0 = Release|x86
		{D86449D5-7BF8-42AE-A44A-9CE650D9A292}.Release|x86.Deploy.0 = Release|x86
		{3D3F1A3A-0E24-47DF-828D-DAFDA848E087}.Ad-Hoc|Any CPU.ActiveCfg = Debug|Any CPU
		{3D3F1A3A-0E24-47DF-828D-DAFDA848E087}.Ad-Hoc|Any CPU.Build.0 = Debug|Any CPU
		{3D3F1A3A-0E24-47DF-828D-DAFDA848E087}.Ad-Hoc|Any CPU.Deploy.0 = Debug|Any CPU
		{3D3F1A3A-0E24-47DF-828D-DAFDA848E087}.Ad-Hoc|ARM.ActiveCfg = Debug|Any CPU
		{3D3F1A3A-0E24-47DF-828D-DAFDA848E087}.Ad-Hoc|ARM.Build.0 = Debug|Any CPU
		{3D3F1A3A-0E24-47DF-828D-DAFDA848E087}.Ad-Hoc|ARM.Deploy.0 = Debug|Any CPU
		{3D3F1A3A-0E24-47DF-828D-DAFDA848E087}.Ad-Hoc|iPhone.ActiveCfg = Debug|Any CPU
		{3D3F1A3A-0E24-47DF-828D-DAFDA848E087}.Ad-Hoc|iPhone.Build.0 = Debug|Any CPU
		{3D3F1A3A-0E24-47DF-828D-DAFDA848E087}.Ad-Hoc|iPhone.Deploy.0 = Debug|Any CPU
		{3D3F1A3A-0E24-47DF-828D-DAFDA848E087}.Ad-Hoc|iPhoneSimulator.ActiveCfg = Debug|Any CPU
		{3D3F1A3A-0E24-47DF-828D-DAFDA848E087}.Ad-Hoc|iPhoneSimulator.Build.0 = Debug|Any CPU
		{3D3F1A3A-0E24-47DF-828D-DAFDA848E087}.Ad-Hoc|iPhoneSimulator.Deploy.0 = Debug|Any CPU
		{3D3F1A3A-0E24-47DF-828D-DAFDA848E087}.Ad-Hoc|x64.ActiveCfg = Debug|Any CPU
		{3D3F1A3A-0E24-47DF-828D-DAFDA848E087}.Ad-Hoc|x64.Build.0 = Debug|Any CPU
		{3D3F1A3A-0E24-47DF-828D-DAFDA848E087}.Ad-Hoc|x64.Deploy.0 = Debug|Any CPU
		{3D3F1A3A-0E24-47DF-828D-DAFDA848E087}.Ad-Hoc|x86.ActiveCfg = Debug|Any CPU
		{3D3F1A3A-0E24-47DF-828D-DAFDA848E087}.Ad-Hoc|x86.Build.0 = Debug|Any CPU
		{3D3F1A3A-0E24-47DF-828D-DAFDA848E087}.Ad-Hoc|x86.Deploy.0 = Debug|Any CPU
		{3D3F1A3A-0E24-47DF-828D-DAFDA848E087}.AppStore|Any CPU.ActiveCfg = Debug|Any CPU
		{3D3F1A3A-0E24-47DF-828D-DAFDA848E087}.AppStore|Any CPU.Build.0 = Debug|Any CPU
		{3D3F1A3A-0E24-47DF-828D-DAFDA848E087}.AppStore|Any CPU.Deploy.0 = Debug|Any CPU
		{3D3F1A3A-0E24-47DF-828D-DAFDA848E087}.AppStore|ARM.ActiveCfg = Debug|Any CPU
		{3D3F1A3A-0E24-47DF-828D-DAFDA848E087}.AppStore|ARM.Build.0 = Debug|Any CPU
		{3D3F1A3A-0E24-47DF-828D-DAFDA848E087}.AppStore|ARM.Deploy.0 = Debug|Any CPU
		{3D3F1A3A-0E24-47DF-828D-DAFDA848E087}.AppStore|iPhone.ActiveCfg = Debug|Any CPU
		{3D3F1A3A-0E24-47DF-828D-DAFDA848E087}.AppStore|iPhone.Build.0 = Debug|Any CPU
		{3D3F1A3A-0E24-47DF-828D-DAFDA848E087}.AppStore|iPhone.Deploy.0 = Debug|Any CPU
		{3D3F1A3A-0E24-47DF-828D-DAFDA848E087}.AppStore|iPhoneSimulator.ActiveCfg = Debug|Any CPU
		{3D3F1A3A-0E24-47DF-828D-DAFDA848E087}.AppStore|iPhoneSimulator.Build.0 = Debug|Any CPU
		{3D3F1A3A-0E24-47DF-828D-DAFDA848E087}.AppStore|iPhoneSimulator.Deploy.0 = Debug|Any CPU
		{3D3F1A3A-0E24-47DF-828D-DAFDA848E087}.AppStore|x64.ActiveCfg = Debug|Any CPU
		{3D3F1A3A-0E24-47DF-828D-DAFDA848E087}.AppStore|x64.Build.0 = Debug|Any CPU
		{3D3F1A3A-0E24-47DF-828D-DAFDA848E087}.AppStore|x64.Deploy.0 = Debug|Any CPU
		{3D3F1A3A-0E24-47DF-828D-DAFDA848E087}.AppStore|x86.ActiveCfg = Debug|Any CPU
		{3D3F1A3A-0E24-47DF-828D-DAFDA848E087}.AppStore|x86.Build.0 = Debug|Any CPU
		{3D3F1A3A-0E24-47DF-828D-DAFDA848E087}.AppStore|x86.Deploy.0 = Debug|Any CPU
		{3D3F1A3A-0E24-47DF-828D-DAFDA848E087}.Debug|Any CPU.ActiveCfg = Debug|Any CPU
		{3D3F1A3A-0E24-47DF-828D-DAFDA848E087}.Debug|Any CPU.Build.0 = Debug|Any CPU
		{3D3F1A3A-0E24-47DF-828D-DAFDA848E087}.Debug|Any CPU.Deploy.0 = Debug|Any CPU
		{3D3F1A3A-0E24-47DF-828D-DAFDA848E087}.Debug|ARM.ActiveCfg = Debug|Any CPU
		{3D3F1A3A-0E24-47DF-828D-DAFDA848E087}.Debug|ARM.Build.0 = Debug|Any CPU
		{3D3F1A3A-0E24-47DF-828D-DAFDA848E087}.Debug|ARM.Deploy.0 = Debug|Any CPU
		{3D3F1A3A-0E24-47DF-828D-DAFDA848E087}.Debug|iPhone.ActiveCfg = Debug|Any CPU
		{3D3F1A3A-0E24-47DF-828D-DAFDA848E087}.Debug|iPhone.Build.0 = Debug|Any CPU
		{3D3F1A3A-0E24-47DF-828D-DAFDA848E087}.Debug|iPhone.Deploy.0 = Debug|Any CPU
		{3D3F1A3A-0E24-47DF-828D-DAFDA848E087}.Debug|iPhoneSimulator.ActiveCfg = Debug|Any CPU
		{3D3F1A3A-0E24-47DF-828D-DAFDA848E087}.Debug|iPhoneSimulator.Build.0 = Debug|Any CPU
		{3D3F1A3A-0E24-47DF-828D-DAFDA848E087}.Debug|iPhoneSimulator.Deploy.0 = Debug|Any CPU
		{3D3F1A3A-0E24-47DF-828D-DAFDA848E087}.Debug|x64.ActiveCfg = Debug|Any CPU
		{3D3F1A3A-0E24-47DF-828D-DAFDA848E087}.Debug|x64.Build.0 = Debug|Any CPU
		{3D3F1A3A-0E24-47DF-828D-DAFDA848E087}.Debug|x64.Deploy.0 = Debug|Any CPU
		{3D3F1A3A-0E24-47DF-828D-DAFDA848E087}.Debug|x86.ActiveCfg = Debug|Any CPU
		{3D3F1A3A-0E24-47DF-828D-DAFDA848E087}.Debug|x86.Build.0 = Debug|Any CPU
		{3D3F1A3A-0E24-47DF-828D-DAFDA848E087}.Debug|x86.Deploy.0 = Debug|Any CPU
		{3D3F1A3A-0E24-47DF-828D-DAFDA848E087}.Release|Any CPU.ActiveCfg = Release|Any CPU
		{3D3F1A3A-0E24-47DF-828D-DAFDA848E087}.Release|Any CPU.Build.0 = Release|Any CPU
		{3D3F1A3A-0E24-47DF-828D-DAFDA848E087}.Release|Any CPU.Deploy.0 = Release|Any CPU
		{3D3F1A3A-0E24-47DF-828D-DAFDA848E087}.Release|ARM.ActiveCfg = Release|Any CPU
		{3D3F1A3A-0E24-47DF-828D-DAFDA848E087}.Release|ARM.Build.0 = Release|Any CPU
		{3D3F1A3A-0E24-47DF-828D-DAFDA848E087}.Release|ARM.Deploy.0 = Release|Any CPU
		{3D3F1A3A-0E24-47DF-828D-DAFDA848E087}.Release|iPhone.ActiveCfg = Release|Any CPU
		{3D3F1A3A-0E24-47DF-828D-DAFDA848E087}.Release|iPhone.Build.0 = Release|Any CPU
		{3D3F1A3A-0E24-47DF-828D-DAFDA848E087}.Release|iPhone.Deploy.0 = Release|Any CPU
		{3D3F1A3A-0E24-47DF-828D-DAFDA848E087}.Release|iPhoneSimulator.ActiveCfg = Release|Any CPU
		{3D3F1A3A-0E24-47DF-828D-DAFDA848E087}.Release|iPhoneSimulator.Build.0 = Release|Any CPU
		{3D3F1A3A-0E24-47DF-828D-DAFDA848E087}.Release|iPhoneSimulator.Deploy.0 = Release|Any CPU
		{3D3F1A3A-0E24-47DF-828D-DAFDA848E087}.Release|x64.ActiveCfg = Release|Any CPU
		{3D3F1A3A-0E24-47DF-828D-DAFDA848E087}.Release|x64.Build.0 = Release|Any CPU
		{3D3F1A3A-0E24-47DF-828D-DAFDA848E087}.Release|x64.Deploy.0 = Release|Any CPU
		{3D3F1A3A-0E24-47DF-828D-DAFDA848E087}.Release|x86.ActiveCfg = Release|Any CPU
		{3D3F1A3A-0E24-47DF-828D-DAFDA848E087}.Release|x86.Build.0 = Release|Any CPU
		{3D3F1A3A-0E24-47DF-828D-DAFDA848E087}.Release|x86.Deploy.0 = Release|Any CPU
	EndGlobalSection
	GlobalSection(SolutionProperties) = preSolution
		HideSolutionNode = FALSE
	EndGlobalSection
	GlobalSection(ExtensibilityGlobals) = postSolution
		SolutionGuid = {2AEC5268-DC78-4D9B-B6B8-87A62E8994BA}
	EndGlobalSection
EndGlobal
